
Microsoft Visual Studio Solution File, Format Version 12.00
# Visual Studio 14
VisualStudioVersion = 14.0.22823.1
MinimumVisualStudioVersion = 10.0.40219.1
Project("{FAE04EC0-301F-11D3-BF4B-00C04F79EFBC}") = "01.FruitMarket", "ConsoleApplication1\01.FruitMarket.csproj", "{FB99CA40-A47C-4F32-864A-484370B596A0}"
EndProject
Project("{FAE04EC0-301F-11D3-BF4B-00C04F79EFBC}") = "02.ExamSchedule", "ConsoleApplication2\02.ExamSchedule.csproj", "{05BAB06F-F138-403C-999D-3910DC956657}"
EndProject
Project("{FAE04EC0-301F-11D3-BF4B-00C04F79EFBC}") = "03.Cinema", "03.Triangle\03.Cinema.csproj", "{7DC0E2D6-852C-44EB-9116-022FCFE0F39C}"
EndProject
Project("{FAE04EC0-301F-11D3-BF4B-00C04F79EFBC}") = "04.WorkHours", "04\04.WorkHours.csproj", "{ACEAEB62-56BA-4C8D-84B2-D09F2987426A}"
EndProject
Project("{FAE04EC0-301F-11D3-BF4B-00C04F79EFBC}") = "05.Volleyball", "05.Volleyball\05.Volleyball.csproj", "{8C789635-EC66-4762-8B4E-7FA85751DE37}"
EndProject
Project("{FAE04EC0-301F-11D3-BF4B-00C04F79EFBC}") = "06.MelonsAndWatermelons", "06\06.MelonsAndWatermelons.csproj", "{00F7035D-A2BF-4CEE-8FFB-33330F5BFC97}"
EndProject
Project("{FAE04EC0-301F-11D3-BF4B-00C04F79EFBC}") = "07.Electricity", "07\07.Electricity.csproj", "{973C51F6-B6DE-4B03-ABFD-76D8FBE64EA5}"
EndProject
Project("{FAE04EC0-301F-11D3-BF4B-00C04F79EFBC}") = "08.Tables", "08\08.Tables.csproj", "{E73CD7D3-F3DC-4C4E-8CE7-13C05D3BA596}"
EndProject
Project("{FAE04EC0-301F-11D3-BF4B-00C04F79EFBC}") = "09.Budget", "Budget\09.Budget.csproj", "{1706CFF5-66C1-4345-8848-428C5CC64245}"
EndProject
Project("{FAE04EC0-301F-11D3-BF4B-00C04F79EFBC}") = "10.BabaTincheAirlines", "10.BabaTincheAirlines\10.BabaTincheAirlines.csproj", "{B9632A6F-97AC-4AA6-B837-B9CF3246B6DE}"
EndProject
Project("{FAE04EC0-301F-11D3-BF4B-00C04F79EFBC}") = "11.TravelerBob", "11\11.TravelerBob.csproj", "{2EFAA6D2-3358-48AA-A6C5-4DFC7CCBF65C}"
EndProject
Project("{FAE04EC0-301F-11D3-BF4B-00C04F79EFBC}") = "12.PiggyBank", "12\12.PiggyBank.csproj", "{4ED1D568-2B3D-48E4-8BBB-4FF3072F9A5D}"
EndProject
Project("{FAE04EC0-301F-11D3-BF4B-00C04F79EFBC}") = "13.BookProblem", "13.BookProblem\13.BookProblem.csproj", "{743235A1-636F-4560-BC2A-A6679E82FDAE}"
EndProject
Project("{FAE04EC0-301F-11D3-BF4B-00C04F79EFBC}") = "14.ExamSchedule", "14.ExamSchedule\14.ExamSchedule.csproj", "{86593686-C117-4339-95FD-4D5485CD7EC6}"
EndProject
Project("{FAE04EC0-301F-11D3-BF4B-00C04F79EFBC}") = "15.Beers", "15.Beers\15.Beers.csproj", "{586B8475-AF6B-4127-B015-D2A9A550E214}"
EndProject
Project("{FAE04EC0-301F-11D3-BF4B-00C04F79EFBC}") = "16.Tic-Tac-Toe", "16.Tic-Tac-Toe\16.Tic-Tac-Toe.csproj", "{2113686E-832F-4655-8499-5937AE0BA11C}"
EndProject
Project("{FAE04EC0-301F-11D3-BF4B-00C04F79EFBC}") = "17", "17.\17.csproj", "{E943974D-BCF4-447E-8FDB-ABCC65BB068C}"
EndProject
Project("{FAE04EC0-301F-11D3-BF4B-00C04F79EFBC}") = "Car", "Car\Car.csproj", "{C3741D1E-E502-4471-A8B5-C7DF95413776}"
EndProject
Global
	GlobalSection(SolutionConfigurationPlatforms) = preSolution
		Debug|Any CPU = Debug|Any CPU
		Release|Any CPU = Release|Any CPU
	EndGlobalSection
	GlobalSection(ProjectConfigurationPlatforms) = postSolution
		{FB99CA40-A47C-4F32-864A-484370B596A0}.Debug|Any CPU.ActiveCfg = Debug|Any CPU
		{FB99CA40-A47C-4F32-864A-484370B596A0}.Debug|Any CPU.Build.0 = Debug|Any CPU
		{FB99CA40-A47C-4F32-864A-484370B596A0}.Release|Any CPU.ActiveCfg = Release|Any CPU
		{FB99CA40-A47C-4F32-864A-484370B596A0}.Release|Any CPU.Build.0 = Release|Any CPU
		{05BAB06F-F138-403C-999D-3910DC956657}.Debug|Any CPU.ActiveCfg = Debug|Any CPU
		{05BAB06F-F138-403C-999D-3910DC956657}.Debug|Any CPU.Build.0 = Debug|Any CPU
		{05BAB06F-F138-403C-999D-3910DC956657}.Release|Any CPU.ActiveCfg = Release|Any CPU
		{05BAB06F-F138-403C-999D-3910DC956657}.Release|Any CPU.Build.0 = Release|Any CPU
		{7DC0E2D6-852C-44EB-9116-022FCFE0F39C}.Debug|Any CPU.ActiveCfg = Debug|Any CPU
		{7DC0E2D6-852C-44EB-9116-022FCFE0F39C}.Debug|Any CPU.Build.0 = Debug|Any CPU
		{7DC0E2D6-852C-44EB-9116-022FCFE0F39C}.Release|Any CPU.ActiveCfg = Release|Any CPU
		{7DC0E2D6-852C-44EB-9116-022FCFE0F39C}.Release|Any CPU.Build.0 = Release|Any CPU
		{ACEAEB62-56BA-4C8D-84B2-D09F2987426A}.Debug|Any CPU.ActiveCfg = Debug|Any CPU
		{ACEAEB62-56BA-4C8D-84B2-D09F2987426A}.Debug|Any CPU.Build.0 = Debug|Any CPU
		{ACEAEB62-56BA-4C8D-84B2-D09F2987426A}.Release|Any CPU.ActiveCfg = Release|Any CPU
		{ACEAEB62-56BA-4C8D-84B2-D09F2987426A}.Release|Any CPU.Build.0 = Release|Any CPU
		{8C789635-EC66-4762-8B4E-7FA85751DE37}.Debug|Any CPU.ActiveCfg = Debug|Any CPU
		{8C789635-EC66-4762-8B4E-7FA85751DE37}.Debug|Any CPU.Build.0 = Debug|Any CPU
		{8C789635-EC66-4762-8B4E-7FA85751DE37}.Release|Any CPU.ActiveCfg = Release|Any CPU
		{8C789635-EC66-4762-8B4E-7FA85751DE37}.Release|Any CPU.Build.0 = Release|Any CPU
		{00F7035D-A2BF-4CEE-8FFB-33330F5BFC97}.Debug|Any CPU.ActiveCfg = Debug|Any CPU
		{00F7035D-A2BF-4CEE-8FFB-33330F5BFC97}.Debug|Any CPU.Build.0 = Debug|Any CPU
		{00F7035D-A2BF-4CEE-8FFB-33330F5BFC97}.Release|Any CPU.ActiveCfg = Release|Any CPU
		{00F7035D-A2BF-4CEE-8FFB-33330F5BFC97}.Release|Any CPU.Build.0 = Release|Any CPU
		{973C51F6-B6DE-4B03-ABFD-76D8FBE64EA5}.Debug|Any CPU.ActiveCfg = Debug|Any CPU
		{973C51F6-B6DE-4B03-ABFD-76D8FBE64EA5}.Debug|Any CPU.Build.0 = Debug|Any CPU
		{973C51F6-B6DE-4B03-ABFD-76D8FBE64EA5}.Release|Any CPU.ActiveCfg = Release|Any CPU
		{973C51F6-B6DE-4B03-ABFD-76D8FBE64EA5}.Release|Any CPU.Build.0 = Release|Any CPU
		{E73CD7D3-F3DC-4C4E-8CE7-13C05D3BA596}.Debug|Any CPU.ActiveCfg = Debug|Any CPU
		{E73CD7D3-F3DC-4C4E-8CE7-13C05D3BA596}.Debug|Any CPU.Build.0 = Debug|Any CPU
		{E73CD7D3-F3DC-4C4E-8CE7-13C05D3BA596}.Release|Any CPU.ActiveCfg = Release|Any CPU
		{E73CD7D3-F3DC-4C4E-8CE7-13C05D3BA596}.Release|Any CPU.Build.0 = Release|Any CPU
		{1706CFF5-66C1-4345-8848-428C5CC64245}.Debug|Any CPU.ActiveCfg = Debug|Any CPU
		{1706CFF5-66C1-4345-8848-428C5CC64245}.Debug|Any CPU.Build.0 = Debug|Any CPU
		{1706CFF5-66C1-4345-8848-428C5CC64245}.Release|Any CPU.ActiveCfg = Release|Any CPU
		{1706CFF5-66C1-4345-8848-428C5CC64245}.Release|Any CPU.Build.0 = Release|Any CPU
		{B9632A6F-97AC-4AA6-B837-B9CF3246B6DE}.Debug|Any CPU.ActiveCfg = Debug|Any CPU
		{B9632A6F-97AC-4AA6-B837-B9CF3246B6DE}.Debug|Any CPU.Build.0 = Debug|Any CPU
		{B9632A6F-97AC-4AA6-B837-B9CF3246B6DE}.Release|Any CPU.ActiveCfg = Release|Any CPU
		{B9632A6F-97AC-4AA6-B837-B9CF3246B6DE}.Release|Any CPU.Build.0 = Release|Any CPU
		{2EFAA6D2-3358-48AA-A6C5-4DFC7CCBF65C}.Debug|Any CPU.ActiveCfg = Debug|Any CPU
		{2EFAA6D2-3358-48AA-A6C5-4DFC7CCBF65C}.Debug|Any CPU.Build.0 = Debug|Any CPU
		{2EFAA6D2-3358-48AA-A6C5-4DFC7CCBF65C}.Release|Any CPU.ActiveCfg = Release|Any CPU
		{2EFAA6D2-3358-48AA-A6C5-4DFC7CCBF65C}.Release|Any CPU.Build.0 = Release|Any CPU
		{4ED1D568-2B3D-48E4-8BBB-4FF3072F9A5D}.Debug|Any CPU.ActiveCfg = Debug|Any CPU
		{4ED1D568-2B3D-48E4-8BBB-4FF3072F9A5D}.Debug|Any CPU.Build.0 = Debug|Any CPU
		{4ED1D568-2B3D-48E4-8BBB-4FF3072F9A5D}.Release|Any CPU.ActiveCfg = Release|Any CPU
		{4ED1D568-2B3D-48E4-8BBB-4FF3072F9A5D}.Release|Any CPU.Build.0 = Release|Any CPU
		{743235A1-636F-4560-BC2A-A6679E82FDAE}.Debug|Any CPU.ActiveCfg = Debug|Any CPU
		{743235A1-636F-4560-BC2A-A6679E82FDAE}.Debug|Any CPU.Build.0 = Debug|Any CPU
		{743235A1-636F-4560-BC2A-A6679E82FDAE}.Release|Any CPU.ActiveCfg = Release|Any CPU
		{743235A1-636F-4560-BC2A-A6679E82FDAE}.Release|Any CPU.Build.0 = Release|Any CPU
		{86593686-C117-4339-95FD-4D5485CD7EC6}.Debug|Any CPU.ActiveCfg = Debug|Any CPU
		{86593686-C117-4339-95FD-4D5485CD7EC6}.Debug|Any CPU.Build.0 = Debug|Any CPU
		{86593686-C117-4339-95FD-4D5485CD7EC6}.Release|Any CPU.ActiveCfg = Release|Any CPU
		{86593686-C117-4339-95FD-4D5485CD7EC6}.Release|Any CPU.Build.0 = Release|Any CPU
		{586B8475-AF6B-4127-B015-D2A9A550E214}.Debug|Any CPU.ActiveCfg = Debug|Any CPU
		{586B8475-AF6B-4127-B015-D2A9A550E214}.Debug|Any CPU.Build.0 = Debug|Any CPU
		{586B8475-AF6B-4127-B015-D2A9A550E214}.Release|Any CPU.ActiveCfg = Release|Any CPU
		{586B8475-AF6B-4127-B015-D2A9A550E214}.Release|Any CPU.Build.0 = Release|Any CPU
		{2113686E-832F-4655-8499-5937AE0BA11C}.Debug|Any CPU.ActiveCfg = Debug|Any CPU
		{2113686E-832F-4655-8499-5937AE0BA11C}.Debug|Any CPU.Build.0 = Debug|Any CPU
		{2113686E-832F-4655-8499-5937AE0BA11C}.Release|Any CPU.ActiveCfg = Release|Any CPU
		{2113686E-832F-4655-8499-5937AE0BA11C}.Release|Any CPU.Build.0 = Release|Any CPU
		{E943974D-BCF4-447E-8FDB-ABCC65BB068C}.Debug|Any CPU.ActiveCfg = Debug|Any CPU
		{E943974D-BCF4-447E-8FDB-ABCC65BB068C}.Debug|Any CPU.Build.0 = Debug|Any CPU
		{E943974D-BCF4-447E-8FDB-ABCC65BB068C}.Release|Any CPU.ActiveCfg = Release|Any CPU
		{E943974D-BCF4-447E-8FDB-ABCC65BB068C}.Release|Any CPU.Build.0 = Release|Any CPU
		{C3741D1E-E502-4471-A8B5-C7DF95413776}.Debug|Any CPU.ActiveCfg = Debug|Any CPU
		{C3741D1E-E502-4471-A8B5-C7DF95413776}.Debug|Any CPU.Build.0 = Debug|Any CPU
		{C3741D1E-E502-4471-A8B5-C7DF95413776}.Release|Any CPU.ActiveCfg = Release|Any CPU
		{C3741D1E-E502-4471-A8B5-C7DF95413776}.Release|Any CPU.Build.0 = Release|Any CPU
	EndGlobalSection
	GlobalSection(SolutionProperties) = preSolution
		HideSolutionNode = FALSE
	EndGlobalSection
EndGlobal
